
Microsoft Visual Studio Solution File, Format Version 12.00
# Visual Studio Version 17
VisualStudioVersion = 17.3.32901.215
MinimumVisualStudioVersion = 10.0.40219.1
Project("{FAE04EC0-301F-11D3-BF4B-00C04F79EFBC}") = "2DGameLibrary", "2DGameLibrary\2DGameLibrary.csproj", "{9574D94B-9BE0-4B78-A662-86F1ACBC13EA}"
EndProject
Global
	GlobalSection(SolutionConfigurationPlatforms) = preSolution
		Debug|Any CPU = Debug|Any CPU
		Release|Any CPU = Release|Any CPU
	EndGlobalSection
	GlobalSection(ProjectConfigurationPlatforms) = postSolution
		{9574D94B-9BE0-4B78-A662-86F1ACBC13EA}.Debug|Any CPU.ActiveCfg = Debug|Any CPU
		{9574D94B-9BE0-4B78-A662-86F1ACBC13EA}.Debug|Any CPU.Build.0 = Debug|Any CPU
		{9574D94B-9BE0-4B78-A662-86F1ACBC13EA}.Release|Any CPU.ActiveCfg = Release|Any CPU
		{9574D94B-9BE0-4B78-A662-86F1ACBC13EA}.Release|Any CPU.Build.0 = Release|Any CPU
	EndGlobalSection
	GlobalSection(SolutionProperties) = preSolution
		HideSolutionNode = FALSE
	EndGlobalSection
	GlobalSection(ExtensibilityGlobals) = postSolution
		SolutionGuid = {88B2B935-CEED-4555-835D-9FBED84B7B29}
	EndGlobalSection
EndGlobal
